
Microsoft Visual Studio Solution File, Format Version 12.00
# Visual Studio 15
VisualStudioVersion = 15.0.26228.9
MinimumVisualStudioVersion = 10.0.40219.1
Project("{FAE04EC0-301F-11D3-BF4B-00C04F79EFBC}") = "ShiftScheduleAlgorithm", "ShiftScheduleAlgorithm\ShiftScheduleAlgorithm.csproj", "{FA2421DE-8B19-4BD8-A5B0-E8A44F9C6318}"
EndProject
Project("{FAE04EC0-301F-11D3-BF4B-00C04F79EFBC}") = "ShiftScheduleDataAccess", "ShiftScheduleDataAccess\ShiftScheduleDataAccess.csproj", "{39E0BADB-AB56-4913-BC09-EC023651BF8A}"
EndProject
Project("{FAE04EC0-301F-11D3-BF4B-00C04F79EFBC}") = "ShiftScheduleGenerator", "ShiftScheduleGenerator\ShiftScheduleGenerator.csproj", "{218949C2-D718-4E8C-B702-3B32109539CC}"
	ProjectSection(ProjectDependencies) = postProject
		{39E0BADB-AB56-4913-BC09-EC023651BF8A} = {39E0BADB-AB56-4913-BC09-EC023651BF8A}
	EndProjectSection
EndProject
Project("{FAE04EC0-301F-11D3-BF4B-00C04F79EFBC}") = "ShiftScheduleUtilities", "ShiftScheduleUtilities\ShiftScheduleUtilities.csproj", "{D9753E1B-7DE9-4B03-83E2-2971E9EAE96B}"
EndProject
Project("{FAE04EC0-301F-11D3-BF4B-00C04F79EFBC}") = "ShiftScheduleLibrary", "ShiftScheduleLibrary\ShiftScheduleLibrary.csproj", "{5633CE9F-38CD-4BB1-903B-2B19631672CC}"
EndProject
Project("{FAE04EC0-301F-11D3-BF4B-00C04F79EFBC}") = "ShiftScheduleAlgorithmTest", "ShiftScheduleAlgorithmTest\ShiftScheduleAlgorithmTest.csproj", "{1D9F50E6-7583-4D53-A08F-A31F371CB635}"
EndProject
Project("{FAE04EC0-301F-11D3-BF4B-00C04F79EFBC}") = "ShiftScheduleVisualiser", "ShiftScheduleVisualiser\ShiftScheduleVisualiser.csproj", "{03B0A3DD-0229-408C-8A96-9AAAA96CBA70}"
	ProjectSection(ProjectDependencies) = postProject
		{FA2421DE-8B19-4BD8-A5B0-E8A44F9C6318} = {FA2421DE-8B19-4BD8-A5B0-E8A44F9C6318}
	EndProjectSection
EndProject
Global
	GlobalSection(SolutionConfigurationPlatforms) = preSolution
		Debug|Any CPU = Debug|Any CPU
		Release|Any CPU = Release|Any CPU
	EndGlobalSection
	GlobalSection(ProjectConfigurationPlatforms) = postSolution
		{FA2421DE-8B19-4BD8-A5B0-E8A44F9C6318}.Debug|Any CPU.ActiveCfg = Debug|Any CPU
		{FA2421DE-8B19-4BD8-A5B0-E8A44F9C6318}.Debug|Any CPU.Build.0 = Debug|Any CPU
		{FA2421DE-8B19-4BD8-A5B0-E8A44F9C6318}.Release|Any CPU.ActiveCfg = Release|Any CPU
		{FA2421DE-8B19-4BD8-A5B0-E8A44F9C6318}.Release|Any CPU.Build.0 = Release|Any CPU
		{39E0BADB-AB56-4913-BC09-EC023651BF8A}.Debug|Any CPU.ActiveCfg = Debug|Any CPU
		{39E0BADB-AB56-4913-BC09-EC023651BF8A}.Debug|Any CPU.Build.0 = Debug|Any CPU
		{39E0BADB-AB56-4913-BC09-EC023651BF8A}.Release|Any CPU.ActiveCfg = Release|Any CPU
		{39E0BADB-AB56-4913-BC09-EC023651BF8A}.Release|Any CPU.Build.0 = Release|Any CPU
		{218949C2-D718-4E8C-B702-3B32109539CC}.Debug|Any CPU.ActiveCfg = Debug|Any CPU
		{218949C2-D718-4E8C-B702-3B32109539CC}.Debug|Any CPU.Build.0 = Debug|Any CPU
		{218949C2-D718-4E8C-B702-3B32109539CC}.Release|Any CPU.ActiveCfg = Release|Any CPU
		{218949C2-D718-4E8C-B702-3B32109539CC}.Release|Any CPU.Build.0 = Release|Any CPU
		{D9753E1B-7DE9-4B03-83E2-2971E9EAE96B}.Debug|Any CPU.ActiveCfg = Debug|Any CPU
		{D9753E1B-7DE9-4B03-83E2-2971E9EAE96B}.Debug|Any CPU.Build.0 = Debug|Any CPU
		{D9753E1B-7DE9-4B03-83E2-2971E9EAE96B}.Release|Any CPU.ActiveCfg = Release|Any CPU
		{D9753E1B-7DE9-4B03-83E2-2971E9EAE96B}.Release|Any CPU.Build.0 = Release|Any CPU
		{5633CE9F-38CD-4BB1-903B-2B19631672CC}.Debug|Any CPU.ActiveCfg = Debug|Any CPU
		{5633CE9F-38CD-4BB1-903B-2B19631672CC}.Debug|Any CPU.Build.0 = Debug|Any CPU
		{5633CE9F-38CD-4BB1-903B-2B19631672CC}.Release|Any CPU.ActiveCfg = Release|Any CPU
		{5633CE9F-38CD-4BB1-903B-2B19631672CC}.Release|Any CPU.Build.0 = Release|Any CPU
		{1D9F50E6-7583-4D53-A08F-A31F371CB635}.Debug|Any CPU.ActiveCfg = Debug|Any CPU
		{1D9F50E6-7583-4D53-A08F-A31F371CB635}.Debug|Any CPU.Build.0 = Debug|Any CPU
		{1D9F50E6-7583-4D53-A08F-A31F371CB635}.Release|Any CPU.ActiveCfg = Release|Any CPU
		{1D9F50E6-7583-4D53-A08F-A31F371CB635}.Release|Any CPU.Build.0 = Release|Any CPU
		{03B0A3DD-0229-408C-8A96-9AAAA96CBA70}.Debug|Any CPU.ActiveCfg = Debug|Any CPU
		{03B0A3DD-0229-408C-8A96-9AAAA96CBA70}.Debug|Any CPU.Build.0 = Debug|Any CPU
		{03B0A3DD-0229-408C-8A96-9AAAA96CBA70}.Release|Any CPU.ActiveCfg = Release|Any CPU
		{03B0A3DD-0229-408C-8A96-9AAAA96CBA70}.Release|Any CPU.Build.0 = Release|Any CPU
	EndGlobalSection
	GlobalSection(SolutionProperties) = preSolution
		HideSolutionNode = FALSE
	EndGlobalSection
EndGlobal
